
Microsoft Visual Studio Solution File, Format Version 12.00
# Visual Studio Version 17
VisualStudioVersion = 17.4.33213.308
MinimumVisualStudioVersion = 10.0.40219.1
Project("{FAE04EC0-301F-11D3-BF4B-00C04F79EFBC}") = "planning-poker", "planning-poker\planning-poker.csproj", "{42CF3233-98B5-4F4D-84E6-913473C0778B}"
EndProject
Global
	GlobalSection(SolutionConfigurationPlatforms) = preSolution
		Debug|Any CPU = Debug|Any CPU
		Release|Any CPU = Release|Any CPU
	EndGlobalSection
	GlobalSection(ProjectConfigurationPlatforms) = postSolution
		{42CF3233-98B5-4F4D-84E6-913473C0778B}.Debug|Any CPU.ActiveCfg = Debug|Any CPU
		{42CF3233-98B5-4F4D-84E6-913473C0778B}.Debug|Any CPU.Build.0 = Debug|Any CPU
		{42CF3233-98B5-4F4D-84E6-913473C0778B}.Release|Any CPU.ActiveCfg = Release|Any CPU
		{42CF3233-98B5-4F4D-84E6-913473C0778B}.Release|Any CPU.Build.0 = Release|Any CPU
	EndGlobalSection
	GlobalSection(SolutionProperties) = preSolution
		HideSolutionNode = FALSE
	EndGlobalSection
	GlobalSection(ExtensibilityGlobals) = postSolution
		SolutionGuid = {AA15C7DC-13D4-44A9-A25B-DA36C1BC07B3}
	EndGlobalSection
EndGlobal
